
Microsoft Visual Studio Solution File, Format Version 12.00
# Visual Studio Version 16
VisualStudioVersion = 16.0.29613.14
MinimumVisualStudioVersion = 15.0.26124.0
Project("{9A19103F-16F7-4668-BE54-9A1E7A4F7556}") = "web_scraper", "src\web_scraper.csproj", "{E0513C6C-D8DA-486E-9C4F-7682B03C09EF}"
EndProject
Project("{2150E333-8FDC-42A3-9474-1A3956D46DE8}") = "Solution Items", "Solution Items", "{129279AD-64EC-4AF8-B388-E7970275E5F7}"
	ProjectSection(SolutionItems) = preProject
		.gitignore = .gitignore
		LICENSE = LICENSE
	EndProjectSection
EndProject
Global
	GlobalSection(SolutionConfigurationPlatforms) = preSolution
		Debug|Any CPU = Debug|Any CPU
		Debug|x64 = Debug|x64
		Debug|x86 = Debug|x86
		Release|Any CPU = Release|Any CPU
		Release|x64 = Release|x64
		Release|x86 = Release|x86
	EndGlobalSection
	GlobalSection(ProjectConfigurationPlatforms) = postSolution
		{E0513C6C-D8DA-486E-9C4F-7682B03C09EF}.Debug|Any CPU.ActiveCfg = Debug|Any CPU
		{E0513C6C-D8DA-486E-9C4F-7682B03C09EF}.Debug|Any CPU.Build.0 = Debug|Any CPU
		{E0513C6C-D8DA-486E-9C4F-7682B03C09EF}.Debug|x64.ActiveCfg = Debug|Any CPU
		{E0513C6C-D8DA-486E-9C4F-7682B03C09EF}.Debug|x64.Build.0 = Debug|Any CPU
		{E0513C6C-D8DA-486E-9C4F-7682B03C09EF}.Debug|x86.ActiveCfg = Debug|Any CPU
		{E0513C6C-D8DA-486E-9C4F-7682B03C09EF}.Debug|x86.Build.0 = Debug|Any CPU
		{E0513C6C-D8DA-486E-9C4F-7682B03C09EF}.Release|Any CPU.ActiveCfg = Release|Any CPU
		{E0513C6C-D8DA-486E-9C4F-7682B03C09EF}.Release|Any CPU.Build.0 = Release|Any CPU
		{E0513C6C-D8DA-486E-9C4F-7682B03C09EF}.Release|x64.ActiveCfg = Release|Any CPU
		{E0513C6C-D8DA-486E-9C4F-7682B03C09EF}.Release|x64.Build.0 = Release|Any CPU
		{E0513C6C-D8DA-486E-9C4F-7682B03C09EF}.Release|x86.ActiveCfg = Release|Any CPU
		{E0513C6C-D8DA-486E-9C4F-7682B03C09EF}.Release|x86.Build.0 = Release|Any CPU
	EndGlobalSection
	GlobalSection(SolutionProperties) = preSolution
		HideSolutionNode = FALSE
	EndGlobalSection
	GlobalSection(ExtensibilityGlobals) = postSolution
		SolutionGuid = {A913750E-0830-47DF-B6A7-3BDB296572A6}
	EndGlobalSection
EndGlobal
