
Microsoft Visual Studio Solution File, Format Version 12.00
# Visual Studio Version 17
VisualStudioVersion = 17.3.32929.385
MinimumVisualStudioVersion = 10.0.40219.1
Project("{9A19103F-16F7-4668-BE54-9A1E7A4F7556}") = "XmlFilter", "XMLFilter\XmlFilter.csproj", "{66D3F211-6A49-4416-BF25-B60E64F8A2BF}"
EndProject
Project("{FAE04EC0-301F-11D3-BF4B-00C04F79EFBC}") = "HtmlScraper", "HtmlScraper\HtmlScraper.csproj", "{65818CB1-71AC-45AB-A962-343A75F2C921}"
EndProject
Global
	GlobalSection(SolutionConfigurationPlatforms) = preSolution
		Debug|Any CPU = Debug|Any CPU
		Debug|x64 = Debug|x64
		Debug|x86 = Debug|x86
		Release|Any CPU = Release|Any CPU
		Release|x64 = Release|x64
		Release|x86 = Release|x86
		X86|Any CPU = X86|Any CPU
		X86|x64 = X86|x64
		X86|x86 = X86|x86
	EndGlobalSection
	GlobalSection(ProjectConfigurationPlatforms) = postSolution
		{66D3F211-6A49-4416-BF25-B60E64F8A2BF}.Debug|Any CPU.ActiveCfg = Debug|Any CPU
		{66D3F211-6A49-4416-BF25-B60E64F8A2BF}.Debug|Any CPU.Build.0 = Debug|Any CPU
		{66D3F211-6A49-4416-BF25-B60E64F8A2BF}.Debug|x64.ActiveCfg = Debug|Any CPU
		{66D3F211-6A49-4416-BF25-B60E64F8A2BF}.Debug|x64.Build.0 = Debug|Any CPU
		{66D3F211-6A49-4416-BF25-B60E64F8A2BF}.Debug|x86.ActiveCfg = Debug|Any CPU
		{66D3F211-6A49-4416-BF25-B60E64F8A2BF}.Debug|x86.Build.0 = Debug|Any CPU
		{66D3F211-6A49-4416-BF25-B60E64F8A2BF}.Release|Any CPU.ActiveCfg = Release|Any CPU
		{66D3F211-6A49-4416-BF25-B60E64F8A2BF}.Release|Any CPU.Build.0 = Release|Any CPU
		{66D3F211-6A49-4416-BF25-B60E64F8A2BF}.Release|x64.ActiveCfg = Release|Any CPU
		{66D3F211-6A49-4416-BF25-B60E64F8A2BF}.Release|x64.Build.0 = Release|Any CPU
		{66D3F211-6A49-4416-BF25-B60E64F8A2BF}.Release|x86.ActiveCfg = Release|Any CPU
		{66D3F211-6A49-4416-BF25-B60E64F8A2BF}.Release|x86.Build.0 = Release|Any CPU
		{66D3F211-6A49-4416-BF25-B60E64F8A2BF}.X86|Any CPU.ActiveCfg = Debug|Any CPU
		{66D3F211-6A49-4416-BF25-B60E64F8A2BF}.X86|Any CPU.Build.0 = Debug|Any CPU
		{66D3F211-6A49-4416-BF25-B60E64F8A2BF}.X86|x64.ActiveCfg = Debug|Any CPU
		{66D3F211-6A49-4416-BF25-B60E64F8A2BF}.X86|x64.Build.0 = Debug|Any CPU
		{66D3F211-6A49-4416-BF25-B60E64F8A2BF}.X86|x86.ActiveCfg = Debug|Any CPU
		{66D3F211-6A49-4416-BF25-B60E64F8A2BF}.X86|x86.Build.0 = Debug|Any CPU
		{65818CB1-71AC-45AB-A962-343A75F2C921}.Debug|Any CPU.ActiveCfg = Debug|Any CPU
		{65818CB1-71AC-45AB-A962-343A75F2C921}.Debug|Any CPU.Build.0 = Debug|Any CPU
		{65818CB1-71AC-45AB-A962-343A75F2C921}.Debug|x64.ActiveCfg = Debug|Any CPU
		{65818CB1-71AC-45AB-A962-343A75F2C921}.Debug|x64.Build.0 = Debug|Any CPU
		{65818CB1-71AC-45AB-A962-343A75F2C921}.Debug|x86.ActiveCfg = Debug|Any CPU
		{65818CB1-71AC-45AB-A962-343A75F2C921}.Debug|x86.Build.0 = Debug|Any CPU
		{65818CB1-71AC-45AB-A962-343A75F2C921}.Release|Any CPU.ActiveCfg = Release|Any CPU
		{65818CB1-71AC-45AB-A962-343A75F2C921}.Release|Any CPU.Build.0 = Release|Any CPU
		{65818CB1-71AC-45AB-A962-343A75F2C921}.Release|x64.ActiveCfg = Release|Any CPU
		{65818CB1-71AC-45AB-A962-343A75F2C921}.Release|x64.Build.0 = Release|Any CPU
		{65818CB1-71AC-45AB-A962-343A75F2C921}.Release|x86.ActiveCfg = Release|Any CPU
		{65818CB1-71AC-45AB-A962-343A75F2C921}.Release|x86.Build.0 = Release|Any CPU
		{65818CB1-71AC-45AB-A962-343A75F2C921}.X86|Any CPU.ActiveCfg = Debug|Any CPU
		{65818CB1-71AC-45AB-A962-343A75F2C921}.X86|Any CPU.Build.0 = Debug|Any CPU
		{65818CB1-71AC-45AB-A962-343A75F2C921}.X86|x64.ActiveCfg = Debug|Any CPU
		{65818CB1-71AC-45AB-A962-343A75F2C921}.X86|x64.Build.0 = Debug|Any CPU
		{65818CB1-71AC-45AB-A962-343A75F2C921}.X86|x86.ActiveCfg = Debug|Any CPU
		{65818CB1-71AC-45AB-A962-343A75F2C921}.X86|x86.Build.0 = Debug|Any CPU
	EndGlobalSection
	GlobalSection(SolutionProperties) = preSolution
		HideSolutionNode = FALSE
	EndGlobalSection
	GlobalSection(ExtensibilityGlobals) = postSolution
		SolutionGuid = {91729E6C-ACA2-481B-9DDA-616B12B1D8EF}
	EndGlobalSection
EndGlobal
